// !$*UTF8*$!
{
	archiveVersion = 1;
	classes = {
	};
	objectVersion = 46;
	objects = {

/* Begin PBXBuildFile section */
		072576FB161E2EA300AB4630 /* UIKit.framework in Frameworks */ = {isa = PBXBuildFile; fileRef = 072576FA161E2EA300AB4630 /* UIKit.framework */; };
		072576FD161E2EA300AB4630 /* Foundation.framework in Frameworks */ = {isa = PBXBuildFile; fileRef = 072576FC161E2EA300AB4630 /* Foundation.framework */; };
		072576FF161E2EA300AB4630 /* CoreGraphics.framework in Frameworks */ = {isa = PBXBuildFile; fileRef = 072576FE161E2EA300AB4630 /* CoreGraphics.framework */; };
		07EBA461161F872E00F8C2D6 /* JRSwizzle.m in Sources */ = {isa = PBXBuildFile; fileRef = 07EBA44E161F872E00F8C2D6 /* JRSwizzle.m */; };
		07EBA462161F872E00F8C2D6 /* AppDelegate.m in Sources */ = {isa = PBXBuildFile; fileRef = 07EBA451161F872E00F8C2D6 /* AppDelegate.m */; };
		07EBA463161F872E00F8C2D6 /* Default-568h@2x.png in Resources */ = {isa = PBXBuildFile; fileRef = 07EBA452161F872E00F8C2D6 /* Default-568h@2x.png */; };
		07EBA464161F872E00F8C2D6 /* Default.png in Resources */ = {isa = PBXBuildFile; fileRef = 07EBA453161F872E00F8C2D6 /* Default.png */; };
		07EBA465161F872E00F8C2D6 /* Default@2x.png in Resources */ = {isa = PBXBuildFile; fileRef = 07EBA454161F872E00F8C2D6 /* Default@2x.png */; };
		07EBA466161F872E00F8C2D6 /* InfoPlist.strings in Resources */ = {isa = PBXBuildFile; fileRef = 07EBA455161F872E00F8C2D6 /* InfoPlist.strings */; };
		07EBA467161F872E00F8C2D6 /* ViewController.xib in Resources */ = {isa = PBXBuildFile; fileRef = 07EBA457161F872E00F8C2D6 /* ViewController.xib */; };
		07EBA468161F872E00F8C2D6 /* main.m in Sources */ = {isa = PBXBuildFile; fileRef = 07EBA459161F872E00F8C2D6 /* main.m */; };
		07EBA469161F872E00F8C2D6 /* UITableViewAnimation-Info.plist in Resources */ = {isa = PBXBuildFile; fileRef = 07EBA45A161F872E00F8C2D6 /* UITableViewAnimation-Info.plist */; };
		07EBA46A161F872E00F8C2D6 /* ViewController.m in Sources */ = {isa = PBXBuildFile; fileRef = 07EBA45D161F872E00F8C2D6 /* ViewController.m */; };
		07EBA46B161F872E00F8C2D6 /* UITableView+BottomAnimation.m in Sources */ = {isa = PBXBuildFile; fileRef = 07EBA460161F872E00F8C2D6 /* UITableView+BottomAnimation.m */; };
/* End PBXBuildFile section */

/* Begin PBXFileReference section */
		072576F6161E2EA300AB4630 /* UITableViewAnimation.app */ = {isa = PBXFileReference; explicitFileType = wrapper.application; includeInIndex = 0; path = UITableViewAnimation.app; sourceTree = BUILT_PRODUCTS_DIR; };
		072576FA161E2EA300AB4630 /* UIKit.framework */ = {isa = PBXFileReference; lastKnownFileType = wrapper.framework; name = UIKit.framework; path = System/Library/Frameworks/UIKit.framework; sourceTree = SDKROOT; };
		072576FC161E2EA300AB4630 /* Foundation.framework */ = {isa = PBXFileReference; lastKnownFileType = wrapper.framework; name = Foundation.framework; path = System/Library/Frameworks/Foundation.framework; sourceTree = SDKROOT; };
		072576FE161E2EA300AB4630 /* CoreGraphics.framework */ = {isa = PBXFileReference; lastKnownFileType = wrapper.framework; name = CoreGraphics.framework; path = System/Library/Frameworks/CoreGraphics.framework; sourceTree = SDKROOT; };
		07EBA44D161F872E00F8C2D6 /* JRSwizzle.h */ = {isa = PBXFileReference; fileEncoding = 4; lastKnownFileType = sourcecode.c.h; path = JRSwizzle.h; sourceTree = "<group>"; };
		07EBA44E161F872E00F8C2D6 /* JRSwizzle.m */ = {isa = PBXFileReference; fileEncoding = 4; lastKnownFileType = sourcecode.c.objc; path = JRSwizzle.m; sourceTree = "<group>"; };
		07EBA450161F872E00F8C2D6 /* AppDelegate.h */ = {isa = PBXFileReference; fileEncoding = 4; lastKnownFileType = sourcecode.c.h; path = AppDelegate.h; sourceTree = "<group>"; };
		07EBA451161F872E00F8C2D6 /* AppDelegate.m */ = {isa = PBXFileReference; fileEncoding = 4; lastKnownFileType = sourcecode.c.objc; path = AppDelegate.m; sourceTree = "<group>"; };
		07EBA452161F872E00F8C2D6 /* Default-568h@2x.png */ = {isa = PBXFileReference; lastKnownFileType = image.png; path = "Default-568h@2x.png"; sourceTree = "<group>"; };
		07EBA453161F872E00F8C2D6 /* Default.png */ = {isa = PBXFileReference; lastKnownFileType = image.png; path = Default.png; sourceTree = "<group>"; };
		07EBA454161F872E00F8C2D6 /* Default@2x.png */ = {isa = PBXFileReference; lastKnownFileType = image.png; path = "Default@2x.png"; sourceTree = "<group>"; };
		07EBA456161F872E00F8C2D6 /* en */ = {isa = PBXFileReference; lastKnownFileType = text.plist.strings; name = en; path = en.lproj/InfoPlist.strings; sourceTree = "<group>"; };
		07EBA458161F872E00F8C2D6 /* en */ = {isa = PBXFileReference; lastKnownFileType = file.xib; name = en; path = en.lproj/ViewController.xib; sourceTree = "<group>"; };
		07EBA459161F872E00F8C2D6 /* main.m */ = {isa = PBXFileReference; fileEncoding = 4; lastKnownFileType = sourcecode.c.objc; path = main.m; sourceTree = "<group>"; };
		07EBA45A161F872E00F8C2D6 /* UITableViewAnimation-Info.plist */ = {isa = PBXFileReference; fileEncoding = 4; lastKnownFileType = text.plist.xml; path = "UITableViewAnimation-Info.plist"; sourceTree = "<group>"; };
		07EBA45B161F872E00F8C2D6 /* UITableViewAnimation-Prefix.pch */ = {isa = PBXFileReference; fileEncoding = 4; lastKnownFileType = sourcecode.c.h; path = "UITableViewAnimation-Prefix.pch"; sourceTree = "<group>"; };
		07EBA45C161F872E00F8C2D6 /* ViewController.h */ = {isa = PBXFileReference; fileEncoding = 4; lastKnownFileType = sourcecode.c.h; path = ViewController.h; sourceTree = "<group>"; };
		07EBA45D161F872E00F8C2D6 /* ViewController.m */ = {isa = PBXFileReference; fileEncoding = 4; lastKnownFileType = sourcecode.c.objc; path = ViewController.m; sourceTree = "<group>"; };
		07EBA45F161F872E00F8C2D6 /* UITableView+BottomAnimation.h */ = {isa = PBXFileReference; fileEncoding = 4; lastKnownFileType = sourcecode.c.h; path = "UITableView+BottomAnimation.h"; sourceTree = "<group>"; };
		07EBA460161F872E00F8C2D6 /* UITableView+BottomAnimation.m */ = {isa = PBXFileReference; fileEncoding = 4; lastKnownFileType = sourcecode.c.objc; path = "UITableView+BottomAnimation.m"; sourceTree = "<group>"; };
/* End PBXFileReference section */

/* Begin PBXFrameworksBuildPhase section */
		072576F3161E2EA300AB4630 /* Frameworks */ = {
			isa = PBXFrameworksBuildPhase;
			buildActionMask = 2147483647;
			files = (
				072576FB161E2EA300AB4630 /* UIKit.framework in Frameworks */,
				072576FD161E2EA300AB4630 /* Foundation.framework in Frameworks */,
				072576FF161E2EA300AB4630 /* CoreGraphics.framework in Frameworks */,
			);
			runOnlyForDeploymentPostprocessing = 0;
		};
/* End PBXFrameworksBuildPhase section */

/* Begin PBXGroup section */
		072576EB161E2EA300AB4630 = {
			isa = PBXGroup;
			children = (
				072576F9161E2EA300AB4630 /* Frameworks */,
				072576F7161E2EA300AB4630 /* Products */,
				07EBA44C161F872E00F8C2D6 /* JRSwizzle */,
				07EBA44F161F872E00F8C2D6 /* Sources */,
				07EBA45E161F872E00F8C2D6 /* UITableView+BottomAnimation */,
			);
			sourceTree = "<group>";
		};
		072576F7161E2EA300AB4630 /* Products */ = {
			isa = PBXGroup;
			children = (
				072576F6161E2EA300AB4630 /* UITableViewAnimation.app */,
			);
			name = Products;
			sourceTree = "<group>";
		};
		072576F9161E2EA300AB4630 /* Frameworks */ = {
			isa = PBXGroup;
			children = (
				072576FA161E2EA300AB4630 /* UIKit.framework */,
				072576FC161E2EA300AB4630 /* Foundation.framework */,
				072576FE161E2EA300AB4630 /* CoreGraphics.framework */,
			);
			name = Frameworks;
			sourceTree = "<group>";
		};
		07EBA44C161F872E00F8C2D6 /* JRSwizzle */ = {
			isa = PBXGroup;
			children = (
				07EBA44D161F872E00F8C2D6 /* JRSwizzle.h */,
				07EBA44E161F872E00F8C2D6 /* JRSwizzle.m */,
			);
			path = JRSwizzle;
			sourceTree = "<group>";
		};
		07EBA44F161F872E00F8C2D6 /* Sources */ = {
			isa = PBXGroup;
			children = (
				07EBA450161F872E00F8C2D6 /* AppDelegate.h */,
				07EBA451161F872E00F8C2D6 /* AppDelegate.m */,
				07EBA452161F872E00F8C2D6 /* Default-568h@2x.png */,
				07EBA453161F872E00F8C2D6 /* Default.png */,
				07EBA454161F872E00F8C2D6 /* Default@2x.png */,
				07EBA455161F872E00F8C2D6 /* InfoPlist.strings */,
				07EBA457161F872E00F8C2D6 /* ViewController.xib */,
				07EBA459161F872E00F8C2D6 /* main.m */,
				07EBA45A161F872E00F8C2D6 /* UITableViewAnimation-Info.plist */,
				07EBA45B161F872E00F8C2D6 /* UITableViewAnimation-Prefix.pch */,
				07EBA45C161F872E00F8C2D6 /* ViewController.h */,
				07EBA45D161F872E00F8C2D6 /* ViewController.m */,
			);
			path = Sources;
			sourceTree = "<group>";
		};
		07EBA45E161F872E00F8C2D6 /* UITableView+BottomAnimation */ = {
			isa = PBXGroup;
			children = (
				07EBA45F161F872E00F8C2D6 /* UITableView+BottomAnimation.h */,
				07EBA460161F872E00F8C2D6 /* UITableView+BottomAnimation.m */,
			);
			path = "UITableView+BottomAnimation";
			sourceTree = "<group>";
		};
/* End PBXGroup section */

/* Begin PBXNativeTarget section */
		072576F5161E2EA300AB4630 /* UITableViewAnimation */ = {
			isa = PBXNativeTarget;
			buildConfigurationList = 0725771A161E2EA300AB4630 /* Build configuration list for PBXNativeTarget "UITableViewAnimation" */;
			buildPhases = (
				072576F2161E2EA300AB4630 /* Sources */,
				072576F3161E2EA300AB4630 /* Frameworks */,
				072576F4161E2EA300AB4630 /* Resources */,
			);
			buildRules = (
			);
			dependencies = (
			);
			name = UITableViewAnimation;
			productName = GPlusTableBiewDemo;
			productReference = 072576F6161E2EA300AB4630 /* UITableViewAnimation.app */;
			productType = "com.apple.product-type.application";
		};
/* End PBXNativeTarget section */

/* Begin PBXProject section */
		072576ED161E2EA300AB4630 /* Project object */ = {
			isa = PBXProject;
			attributes = {
				LastUpgradeCheck = 0450;
				ORGANIZATIONNAME = InfusionApps;
			};
			buildConfigurationList = 072576F0161E2EA300AB4630 /* Build configuration list for PBXProject "UITableViewAnimation" */;
			compatibilityVersion = "Xcode 3.2";
			developmentRegion = English;
			hasScannedForEncodings = 0;
			knownRegions = (
				en,
			);
			mainGroup = 072576EB161E2EA300AB4630;
			productRefGroup = 072576F7161E2EA300AB4630 /* Products */;
			projectDirPath = "";
			projectRoot = "";
			targets = (
				072576F5161E2EA300AB4630 /* UITableViewAnimation */,
			);
		};
/* End PBXProject section */

/* Begin PBXResourcesBuildPhase section */
		072576F4161E2EA300AB4630 /* Resources */ = {
			isa = PBXResourcesBuildPhase;
			buildActionMask = 2147483647;
			files = (
				07EBA463161F872E00F8C2D6 /* Default-568h@2x.png in Resources */,
				07EBA464161F872E00F8C2D6 /* Default.png in Resources */,
				07EBA465161F872E00F8C2D6 /* Default@2x.png in Resources */,
				07EBA466161F872E00F8C2D6 /* InfoPlist.strings in Resources */,
				07EBA467161F872E00F8C2D6 /* ViewController.xib in Resources */,
				07EBA469161F872E00F8C2D6 /* UITableViewAnimation-Info.plist in Resources */,
			);
			runOnlyForDeploymentPostprocessing = 0;
		};
/* End PBXResourcesBuildPhase section */

/* Begin PBXSourcesBuildPhase section */
		072576F2161E2EA300AB4630 /* Sources */ = {
			isa = PBXSourcesBuildPhase;
			buildActionMask = 2147483647;
			files = (
				07EBA461161F872E00F8C2D6 /* JRSwizzle.m in Sources */,
				07EBA462161F872E00F8C2D6 /* AppDelegate.m in Sources */,
				07EBA468161F872E00F8C2D6 /* main.m in Sources */,
				07EBA46A161F872E00F8C2D6 /* ViewController.m in Sources */,
				07EBA46B161F872E00F8C2D6 /* UITableView+BottomAnimation.m in Sources */,
			);
			runOnlyForDeploymentPostprocessing = 0;
		};
/* End PBXSourcesBuildPhase section */

/* Begin PBXVariantGroup section */
		07EBA455161F872E00F8C2D6 /* InfoPlist.strings */ = {
			isa = PBXVariantGroup;
			children = (
				07EBA456161F872E00F8C2D6 /* en */,
			);
			name = InfoPlist.strings;
			sourceTree = "<group>";
		};
		07EBA457161F872E00F8C2D6 /* ViewController.xib */ = {
			isa = PBXVariantGroup;
			children = (
				07EBA458161F872E00F8C2D6 /* en */,
			);
			name = ViewController.xib;
			sourceTree = "<group>";
		};
/* End PBXVariantGroup section */

/* Begin XCBuildConfiguration section */
		07257718161E2EA300AB4630 /* Debug */ = {
			isa = XCBuildConfiguration;
			buildSettings = {
				ALWAYS_SEARCH_USER_PATHS = NO;
				CLANG_CXX_LANGUAGE_STANDARD = "gnu++0x";
				CLANG_CXX_LIBRARY = "libc++";
				CLANG_ENABLE_OBJC_ARC = YES;
				CLANG_WARN_EMPTY_BODY = YES;
				CLANG_WARN__DUPLICATE_METHOD_MATCH = YES;
				"CODE_SIGN_IDENTITY[sdk=iphoneos*]" = "iPhone Developer";
				COPY_PHASE_STRIP = NO;
				GCC_C_LANGUAGE_STANDARD = gnu99;
				GCC_DYNAMIC_NO_PIC = NO;
				GCC_OPTIMIZATION_LEVEL = 0;
				GCC_PREPROCESSOR_DEFINITIONS = (
					"DEBUG=1",
					"$(inherited)",
				);
				GCC_SYMBOLS_PRIVATE_EXTERN = NO;
				GCC_WARN_ABOUT_RETURN_TYPE = YES;
				GCC_WARN_UNINITIALIZED_AUTOS = YES;
				GCC_WARN_UNUSED_VARIABLE = YES;
				IPHONEOS_DEPLOYMENT_TARGET = 6.0;
				SDKROOT = iphoneos;
			};
			name = Debug;
		};
		07257719161E2EA300AB4630 /* Release */ = {
			isa = XCBuildConfiguration;
			buildSettings = {
				ALWAYS_SEARCH_USER_PATHS = NO;
				CLANG_CXX_LANGUAGE_STANDARD = "gnu++0x";
				CLANG_CXX_LIBRARY = "libc++";
				CLANG_ENABLE_OBJC_ARC = YES;
				CLANG_WARN_EMPTY_BODY = YES;
				CLANG_WARN__DUPLICATE_METHOD_MATCH = YES;
				"CODE_SIGN_IDENTITY[sdk=iphoneos*]" = "iPhone Developer";
				COPY_PHASE_STRIP = YES;
				GCC_C_LANGUAGE_STANDARD = gnu99;
				GCC_WARN_ABOUT_RETURN_TYPE = YES;
				GCC_WARN_UNINITIALIZED_AUTOS = YES;
				GCC_WARN_UNUSED_VARIABLE = YES;
				IPHONEOS_DEPLOYMENT_TARGET = 6.0;
				OTHER_CFLAGS = "-DNS_BLOCK_ASSERTIONS=1";
				SDKROOT = iphoneos;
				VALIDATE_PRODUCT = YES;
			};
			name = Release;
		};
		0725771B161E2EA300AB4630 /* Debug */ = {
			isa = XCBuildConfiguration;
			buildSettings = {
				GCC_PRECOMPILE_PREFIX_HEADER = YES;
				GCC_PREFIX_HEADER = "Sources/UITableViewAnimation-Prefix.pch";
				GCC_VERSION = com.apple.compilers.llvm.clang.1_0;
				INFOPLIST_FILE = "Sources/UITableViewAnimation-Info.plist";
				PRODUCT_NAME = "$(TARGET_NAME)";
				WRAPPER_EXTENSION = app;
			};
			name = Debug;
		};
		0725771C161E2EA300AB4630 /* Release */ = {
			isa = XCBuildConfiguration;
			buildSettings = {
				GCC_PRECOMPILE_PREFIX_HEADER = YES;
				GCC_PREFIX_HEADER = "Sources/UITableViewAnimation-Prefix.pch";
				GCC_VERSION = com.apple.compilers.llvm.clang.1_0;
				INFOPLIST_FILE = "Sources/UITableViewAnimation-Info.plist";
				PRODUCT_NAME = "$(TARGET_NAME)";
				WRAPPER_EXTENSION = app;
			};
			name = Release;
		};
/* End XCBuildConfiguration section */

/* Begin XCConfigurationList section */
		072576F0161E2EA300AB4630 /* Build configuration list for PBXProject "UITableViewAnimation" */ = {
			isa = XCConfigurationList;
			buildConfigurations = (
				07257718161E2EA300AB4630 /* Debug */,
				07257719161E2EA300AB4630 /* Release */,
			);
			defaultConfigurationIsVisible = 0;
			defaultConfigurationName = Release;
		};
		0725771A161E2EA300AB4630 /* Build configuration list for PBXNativeTarget "UITableViewAnimation" */ = {
			isa = XCConfigurationList;
			buildConfigurations = (
				0725771B161E2EA300AB4630 /* Debug */,
				0725771C161E2EA300AB4630 /* Release */,
			);
			defaultConfigurationIsVisible = 0;
			defaultConfigurationName = Release;
		};
/* End XCConfigurationList section */
	};
	rootObject = 072576ED161E2EA300AB4630 /* Project object */;
}
